// !$*UTF8*$!
{
	archiveVersion = 1;
	classes = {
	};
	objectVersion = 46;
	objects = {

/* Begin PBXBuildFile section */
		0A0D16931850FC9E0057F538 /* PLMenuViewController.m in Sources */ = {isa = PBXBuildFile; fileRef = 0A0D16911850FC9E0057F538 /* PLMenuViewController.m */; };
		0A0D16941850FC9E0057F538 /* PLMenuViewController.xib in Resources */ = {isa = PBXBuildFile; fileRef = 0A0D16921850FC9E0057F538 /* PLMenuViewController.xib */; };
		0A0D16981850FE750057F538 /* PLRewardsViewController.m in Sources */ = {isa = PBXBuildFile; fileRef = 0A0D16961850FE750057F538 /* PLRewardsViewController.m */; };
		0A0D16991850FE750057F538 /* PLRewardsViewController.xib in Resources */ = {isa = PBXBuildFile; fileRef = 0A0D16971850FE750057F538 /* PLRewardsViewController.xib */; };
		0A0D169D185102140057F538 /* PLSettingsViewController.m in Sources */ = {isa = PBXBuildFile; fileRef = 0A0D169B185102140057F538 /* PLSettingsViewController.m */; };
		0A0D169E185102140057F538 /* PLSettingsViewController.xib in Resources */ = {isa = PBXBuildFile; fileRef = 0A0D169C185102140057F538 /* PLSettingsViewController.xib */; };
		0A0D16A3185105C10057F538 /* PLOrderNavigationController.m in Sources */ = {isa = PBXBuildFile; fileRef = 0A0D16A2185105C10057F538 /* PLOrderNavigationController.m */; };
		0A0D16A518510F790057F538 /* bg-tomatoes.png in Resources */ = {isa = PBXBuildFile; fileRef = 0A0D16A418510F790057F538 /* bg-tomatoes.png */; };
		0A0D16A71851114F0057F538 /* bg-grey.jpg in Resources */ = {isa = PBXBuildFile; fileRef = 0A0D16A61851114F0057F538 /* bg-grey.jpg */; };
		0A0D16AC185131680057F538 /* PLBaseOrderViewController.m in Sources */ = {isa = PBXBuildFile; fileRef = 0A0D16AA185131680057F538 /* PLBaseOrderViewController.m */; };
		0A0D16AD185131680057F538 /* PLBaseOrderViewController.xib in Resources */ = {isa = PBXBuildFile; fileRef = 0A0D16AB185131680057F538 /* PLBaseOrderViewController.xib */; };
		0A318C63184532250023FFF5 /* PLStartOrderViewController.m in Sources */ = {isa = PBXBuildFile; fileRef = 0A318C61184532250023FFF5 /* PLStartOrderViewController.m */; };
		0A318C64184532250023FFF5 /* PLStartOrderViewController.xib in Resources */ = {isa = PBXBuildFile; fileRef = 0A318C62184532250023FFF5 /* PLStartOrderViewController.xib */; };
		0A9D7DCE18470F5F00BAE38D /* PLSelectPlateSizeViewController.m in Sources */ = {isa = PBXBuildFile; fileRef = 0A9D7DCC18470F5F00BAE38D /* PLSelectPlateSizeViewController.m */; };
		0A9D7DCF18470F5F00BAE38D /* PLSelectPlateSizeViewController.xib in Resources */ = {isa = PBXBuildFile; fileRef = 0A9D7DCD18470F5F00BAE38D /* PLSelectPlateSizeViewController.xib */; };
		0A9D7DDA184A93C800BAE38D /* PLSelectMainsViewController.m in Sources */ = {isa = PBXBuildFile; fileRef = 0A9D7DD8184A93C800BAE38D /* PLSelectMainsViewController.m */; };
		0A9D7DDB184A93C800BAE38D /* PLSelectMainsViewController.xib in Resources */ = {isa = PBXBuildFile; fileRef = 0A9D7DD9184A93C800BAE38D /* PLSelectMainsViewController.xib */; };
		0A9D7DDF184BA6D000BAE38D /* PLSelectMainsViewControllerDELETEME.m in Sources */ = {isa = PBXBuildFile; fileRef = 0A9D7DDD184BA6D000BAE38D /* PLSelectMainsViewControllerDELETEME.m */; };
		0A9D7DE0184BA6D000BAE38D /* PLSelectMainsViewControllerDELETEME.xib in Resources */ = {isa = PBXBuildFile; fileRef = 0A9D7DDE184BA6D000BAE38D /* PLSelectMainsViewControllerDELETEME.xib */; };
		0A9D7DE8184C5C6700BAE38D /* PlateStoryboard.storyboard in Resources */ = {isa = PBXBuildFile; fileRef = 0A9D7DE7184C5C6700BAE38D /* PlateStoryboard.storyboard */; };
		0A9D7DEC184C62CA00BAE38D /* PLSelectSidesViewController.m in Sources */ = {isa = PBXBuildFile; fileRef = 0A9D7DEA184C62CA00BAE38D /* PLSelectSidesViewController.m */; };
		0A9D7DED184C62CA00BAE38D /* PLSelectSidesViewController.xib in Resources */ = {isa = PBXBuildFile; fileRef = 0A9D7DEB184C62CA00BAE38D /* PLSelectSidesViewController.xib */; };
		0A9D7DF3184D19C400BAE38D /* PLOrderSummaryViewController.m in Sources */ = {isa = PBXBuildFile; fileRef = 0A9D7DF1184D19C400BAE38D /* PLOrderSummaryViewController.m */; };
		0A9D7DF4184D19C400BAE38D /* PLOrderSummaryViewController.xib in Resources */ = {isa = PBXBuildFile; fileRef = 0A9D7DF2184D19C400BAE38D /* PLOrderSummaryViewController.xib */; };
		0A9D7E06184D602500BAE38D /* libTestFlight.a in Frameworks */ = {isa = PBXBuildFile; fileRef = 0A9D7E00184D602400BAE38D /* libTestFlight.a */; };
		0A9D7E07184D602500BAE38D /* README.md in Resources */ = {isa = PBXBuildFile; fileRef = 0A9D7E01184D602500BAE38D /* README.md */; };
		0A9D7E08184D602500BAE38D /* release_notes.md in Resources */ = {isa = PBXBuildFile; fileRef = 0A9D7E02184D602500BAE38D /* release_notes.md */; };
		0A9D7E0A184D606200BAE38D /* libz.dylib in Frameworks */ = {isa = PBXBuildFile; fileRef = 0A9D7E09184D606200BAE38D /* libz.dylib */; };
		0ABBE3F41843D0390031D3E2 /* Foundation.framework in Frameworks */ = {isa = PBXBuildFile; fileRef = 0ABBE3F31843D0390031D3E2 /* Foundation.framework */; };
		0ABBE3F61843D0390031D3E2 /* CoreGraphics.framework in Frameworks */ = {isa = PBXBuildFile; fileRef = 0ABBE3F51843D0390031D3E2 /* CoreGraphics.framework */; };
		0ABBE3F81843D0390031D3E2 /* UIKit.framework in Frameworks */ = {isa = PBXBuildFile; fileRef = 0ABBE3F71843D0390031D3E2 /* UIKit.framework */; };
		0ABBE3FE1843D0390031D3E2 /* InfoPlist.strings in Resources */ = {isa = PBXBuildFile; fileRef = 0ABBE3FC1843D0390031D3E2 /* InfoPlist.strings */; };
		0ABBE4001843D0390031D3E2 /* main.m in Sources */ = {isa = PBXBuildFile; fileRef = 0ABBE3FF1843D0390031D3E2 /* main.m */; };
		0ABBE4041843D0390031D3E2 /* PLAppDelegate.m in Sources */ = {isa = PBXBuildFile; fileRef = 0ABBE4031843D0390031D3E2 /* PLAppDelegate.m */; };
		0ABBE4061843D0390031D3E2 /* Images.xcassets in Resources */ = {isa = PBXBuildFile; fileRef = 0ABBE4051843D0390031D3E2 /* Images.xcassets */; };
		0ABBE40D1843D0390031D3E2 /* XCTest.framework in Frameworks */ = {isa = PBXBuildFile; fileRef = 0ABBE40C1843D0390031D3E2 /* XCTest.framework */; };
		0ABBE40E1843D0390031D3E2 /* Foundation.framework in Frameworks */ = {isa = PBXBuildFile; fileRef = 0ABBE3F31843D0390031D3E2 /* Foundation.framework */; };
		0ABBE40F1843D0390031D3E2 /* UIKit.framework in Frameworks */ = {isa = PBXBuildFile; fileRef = 0ABBE3F71843D0390031D3E2 /* UIKit.framework */; };
		0ABBE4171843D0390031D3E2 /* InfoPlist.strings in Resources */ = {isa = PBXBuildFile; fileRef = 0ABBE4151843D0390031D3E2 /* InfoPlist.strings */; };
		0ABBE4191843D0390031D3E2 /* PlateTests.m in Sources */ = {isa = PBXBuildFile; fileRef = 0ABBE4181843D0390031D3E2 /* PlateTests.m */; };
/* End PBXBuildFile section */

/* Begin PBXContainerItemProxy section */
		0ABBE4101843D0390031D3E2 /* PBXContainerItemProxy */ = {
			isa = PBXContainerItemProxy;
			containerPortal = 0ABBE3E81843D0390031D3E2 /* Project object */;
			proxyType = 1;
			remoteGlobalIDString = 0ABBE3EF1843D0390031D3E2;
			remoteInfo = Plate;
		};
/* End PBXContainerItemProxy section */

/* Begin PBXFileReference section */
		0A0D16901850FC9E0057F538 /* PLMenuViewController.h */ = {isa = PBXFileReference; fileEncoding = 4; lastKnownFileType = sourcecode.c.h; path = PLMenuViewController.h; sourceTree = "<group>"; };
		0A0D16911850FC9E0057F538 /* PLMenuViewController.m */ = {isa = PBXFileReference; fileEncoding = 4; lastKnownFileType = sourcecode.c.objc; path = PLMenuViewController.m; sourceTree = "<group>"; };
		0A0D16921850FC9E0057F538 /* PLMenuViewController.xib */ = {isa = PBXFileReference; fileEncoding = 4; lastKnownFileType = file.xib; path = PLMenuViewController.xib; sourceTree = "<group>"; };
		0A0D16951850FE750057F538 /* PLRewardsViewController.h */ = {isa = PBXFileReference; fileEncoding = 4; lastKnownFileType = sourcecode.c.h; path = PLRewardsViewController.h; sourceTree = "<group>"; };
		0A0D16961850FE750057F538 /* PLRewardsViewController.m */ = {isa = PBXFileReference; fileEncoding = 4; lastKnownFileType = sourcecode.c.objc; path = PLRewardsViewController.m; sourceTree = "<group>"; };
		0A0D16971850FE750057F538 /* PLRewardsViewController.xib */ = {isa = PBXFileReference; fileEncoding = 4; lastKnownFileType = file.xib; path = PLRewardsViewController.xib; sourceTree = "<group>"; };
		0A0D169A185102140057F538 /* PLSettingsViewController.h */ = {isa = PBXFileReference; fileEncoding = 4; lastKnownFileType = sourcecode.c.h; path = PLSettingsViewController.h; sourceTree = "<group>"; };
		0A0D169B185102140057F538 /* PLSettingsViewController.m */ = {isa = PBXFileReference; fileEncoding = 4; lastKnownFileType = sourcecode.c.objc; path = PLSettingsViewController.m; sourceTree = "<group>"; };
		0A0D169C185102140057F538 /* PLSettingsViewController.xib */ = {isa = PBXFileReference; fileEncoding = 4; lastKnownFileType = file.xib; path = PLSettingsViewController.xib; sourceTree = "<group>"; };
		0A0D16A1185105C10057F538 /* PLOrderNavigationController.h */ = {isa = PBXFileReference; fileEncoding = 4; lastKnownFileType = sourcecode.c.h; path = PLOrderNavigationController.h; sourceTree = "<group>"; };
		0A0D16A2185105C10057F538 /* PLOrderNavigationController.m */ = {isa = PBXFileReference; fileEncoding = 4; lastKnownFileType = sourcecode.c.objc; path = PLOrderNavigationController.m; sourceTree = "<group>"; };
		0A0D16A418510F790057F538 /* bg-tomatoes.png */ = {isa = PBXFileReference; lastKnownFileType = image.png; path = "bg-tomatoes.png"; sourceTree = "<group>"; };
		0A0D16A61851114F0057F538 /* bg-grey.jpg */ = {isa = PBXFileReference; lastKnownFileType = image.jpeg; path = "bg-grey.jpg"; sourceTree = "<group>"; };
		0A0D16A9185131680057F538 /* PLBaseOrderViewController.h */ = {isa = PBXFileReference; fileEncoding = 4; lastKnownFileType = sourcecode.c.h; path = PLBaseOrderViewController.h; sourceTree = "<group>"; };
		0A0D16AA185131680057F538 /* PLBaseOrderViewController.m */ = {isa = PBXFileReference; fileEncoding = 4; lastKnownFileType = sourcecode.c.objc; path = PLBaseOrderViewController.m; sourceTree = "<group>"; };
		0A0D16AB185131680057F538 /* PLBaseOrderViewController.xib */ = {isa = PBXFileReference; fileEncoding = 4; lastKnownFileType = file.xib; path = PLBaseOrderViewController.xib; sourceTree = "<group>"; };
		0A318C60184532250023FFF5 /* PLStartOrderViewController.h */ = {isa = PBXFileReference; fileEncoding = 4; lastKnownFileType = sourcecode.c.h; path = PLStartOrderViewController.h; sourceTree = "<group>"; };
		0A318C61184532250023FFF5 /* PLStartOrderViewController.m */ = {isa = PBXFileReference; fileEncoding = 4; lastKnownFileType = sourcecode.c.objc; path = PLStartOrderViewController.m; sourceTree = "<group>"; };
		0A318C62184532250023FFF5 /* PLStartOrderViewController.xib */ = {isa = PBXFileReference; fileEncoding = 4; lastKnownFileType = file.xib; path = PLStartOrderViewController.xib; sourceTree = "<group>"; };
		0A9D7DCB18470F5E00BAE38D /* PLSelectPlateSizeViewController.h */ = {isa = PBXFileReference; fileEncoding = 4; lastKnownFileType = sourcecode.c.h; path = PLSelectPlateSizeViewController.h; sourceTree = "<group>"; };
		0A9D7DCC18470F5F00BAE38D /* PLSelectPlateSizeViewController.m */ = {isa = PBXFileReference; fileEncoding = 4; lastKnownFileType = sourcecode.c.objc; path = PLSelectPlateSizeViewController.m; sourceTree = "<group>"; };
		0A9D7DCD18470F5F00BAE38D /* PLSelectPlateSizeViewController.xib */ = {isa = PBXFileReference; fileEncoding = 4; lastKnownFileType = file.xib; path = PLSelectPlateSizeViewController.xib; sourceTree = "<group>"; };
		0A9D7DD7184A93C800BAE38D /* PLSelectMainsViewController.h */ = {isa = PBXFileReference; fileEncoding = 4; lastKnownFileType = sourcecode.c.h; path = PLSelectMainsViewController.h; sourceTree = "<group>"; };
		0A9D7DD8184A93C800BAE38D /* PLSelectMainsViewController.m */ = {isa = PBXFileReference; fileEncoding = 4; lastKnownFileType = sourcecode.c.objc; path = PLSelectMainsViewController.m; sourceTree = "<group>"; };
		0A9D7DD9184A93C800BAE38D /* PLSelectMainsViewController.xib */ = {isa = PBXFileReference; fileEncoding = 4; lastKnownFileType = file.xib; path = PLSelectMainsViewController.xib; sourceTree = "<group>"; };
		0A9D7DDC184BA6D000BAE38D /* PLSelectMainsViewControllerDELETEME.h */ = {isa = PBXFileReference; fileEncoding = 4; lastKnownFileType = sourcecode.c.h; path = PLSelectMainsViewControllerDELETEME.h; sourceTree = "<group>"; };
		0A9D7DDD184BA6D000BAE38D /* PLSelectMainsViewControllerDELETEME.m */ = {isa = PBXFileReference; fileEncoding = 4; lastKnownFileType = sourcecode.c.objc; path = PLSelectMainsViewControllerDELETEME.m; sourceTree = "<group>"; };
		0A9D7DDE184BA6D000BAE38D /* PLSelectMainsViewControllerDELETEME.xib */ = {isa = PBXFileReference; fileEncoding = 4; lastKnownFileType = file.xib; path = PLSelectMainsViewControllerDELETEME.xib; sourceTree = "<group>"; };
		0A9D7DE7184C5C6700BAE38D /* PlateStoryboard.storyboard */ = {isa = PBXFileReference; fileEncoding = 4; lastKnownFileType = file.storyboard; path = PlateStoryboard.storyboard; sourceTree = "<group>"; };
		0A9D7DE9184C62CA00BAE38D /* PLSelectSidesViewController.h */ = {isa = PBXFileReference; fileEncoding = 4; lastKnownFileType = sourcecode.c.h; path = PLSelectSidesViewController.h; sourceTree = "<group>"; };
		0A9D7DEA184C62CA00BAE38D /* PLSelectSidesViewController.m */ = {isa = PBXFileReference; fileEncoding = 4; lastKnownFileType = sourcecode.c.objc; path = PLSelectSidesViewController.m; sourceTree = "<group>"; };
		0A9D7DEB184C62CA00BAE38D /* PLSelectSidesViewController.xib */ = {isa = PBXFileReference; fileEncoding = 4; lastKnownFileType = file.xib; path = PLSelectSidesViewController.xib; sourceTree = "<group>"; };
		0A9D7DF0184D19C400BAE38D /* PLOrderSummaryViewController.h */ = {isa = PBXFileReference; fileEncoding = 4; lastKnownFileType = sourcecode.c.h; path = PLOrderSummaryViewController.h; sourceTree = "<group>"; };
		0A9D7DF1184D19C400BAE38D /* PLOrderSummaryViewController.m */ = {isa = PBXFileReference; fileEncoding = 4; lastKnownFileType = sourcecode.c.objc; path = PLOrderSummaryViewController.m; sourceTree = "<group>"; };
		0A9D7DF2184D19C400BAE38D /* PLOrderSummaryViewController.xib */ = {isa = PBXFileReference; fileEncoding = 4; lastKnownFileType = file.xib; path = PLOrderSummaryViewController.xib; sourceTree = "<group>"; };
		0A9D7E00184D602400BAE38D /* libTestFlight.a */ = {isa = PBXFileReference; lastKnownFileType = archive.ar; path = libTestFlight.a; sourceTree = "<group>"; };
		0A9D7E01184D602500BAE38D /* README.md */ = {isa = PBXFileReference; fileEncoding = 4; lastKnownFileType = text; path = README.md; sourceTree = "<group>"; };
		0A9D7E02184D602500BAE38D /* release_notes.md */ = {isa = PBXFileReference; fileEncoding = 4; lastKnownFileType = text; path = release_notes.md; sourceTree = "<group>"; };
		0A9D7E03184D602500BAE38D /* TestFlight+AsyncLogging.h */ = {isa = PBXFileReference; fileEncoding = 4; lastKnownFileType = sourcecode.c.h; path = "TestFlight+AsyncLogging.h"; sourceTree = "<group>"; };
		0A9D7E04184D602500BAE38D /* TestFlight+ManualSessions.h */ = {isa = PBXFileReference; fileEncoding = 4; lastKnownFileType = sourcecode.c.h; path = "TestFlight+ManualSessions.h"; sourceTree = "<group>"; };
		0A9D7E05184D602500BAE38D /* TestFlight.h */ = {isa = PBXFileReference; fileEncoding = 4; lastKnownFileType = sourcecode.c.h; path = TestFlight.h; sourceTree = "<group>"; };
		0A9D7E09184D606200BAE38D /* libz.dylib */ = {isa = PBXFileReference; lastKnownFileType = "compiled.mach-o.dylib"; name = libz.dylib; path = usr/lib/libz.dylib; sourceTree = SDKROOT; };
		0ABBE3F01843D0390031D3E2 /* Plate.app */ = {isa = PBXFileReference; explicitFileType = wrapper.application; includeInIndex = 0; path = Plate.app; sourceTree = BUILT_PRODUCTS_DIR; };
		0ABBE3F31843D0390031D3E2 /* Foundation.framework */ = {isa = PBXFileReference; lastKnownFileType = wrapper.framework; name = Foundation.framework; path = System/Library/Frameworks/Foundation.framework; sourceTree = SDKROOT; };
		0ABBE3F51843D0390031D3E2 /* CoreGraphics.framework */ = {isa = PBXFileReference; lastKnownFileType = wrapper.framework; name = CoreGraphics.framework; path = System/Library/Frameworks/CoreGraphics.framework; sourceTree = SDKROOT; };
		0ABBE3F71843D0390031D3E2 /* UIKit.framework */ = {isa = PBXFileReference; lastKnownFileType = wrapper.framework; name = UIKit.framework; path = System/Library/Frameworks/UIKit.framework; sourceTree = SDKROOT; };
		0ABBE3FB1843D0390031D3E2 /* Plate-Info.plist */ = {isa = PBXFileReference; lastKnownFileType = text.plist.xml; path = "Plate-Info.plist"; sourceTree = "<group>"; };
		0ABBE3FD1843D0390031D3E2 /* en */ = {isa = PBXFileReference; lastKnownFileType = text.plist.strings; name = en; path = en.lproj/InfoPlist.strings; sourceTree = "<group>"; };
		0ABBE3FF1843D0390031D3E2 /* main.m */ = {isa = PBXFileReference; lastKnownFileType = sourcecode.c.objc; path = main.m; sourceTree = "<group>"; };
		0ABBE4011843D0390031D3E2 /* Plate-Prefix.pch */ = {isa = PBXFileReference; lastKnownFileType = sourcecode.c.h; path = "Plate-Prefix.pch"; sourceTree = "<group>"; };
		0ABBE4021843D0390031D3E2 /* PLAppDelegate.h */ = {isa = PBXFileReference; lastKnownFileType = sourcecode.c.h; path = PLAppDelegate.h; sourceTree = "<group>"; };
		0ABBE4031843D0390031D3E2 /* PLAppDelegate.m */ = {isa = PBXFileReference; lastKnownFileType = sourcecode.c.objc; path = PLAppDelegate.m; sourceTree = "<group>"; };
		0ABBE4051843D0390031D3E2 /* Images.xcassets */ = {isa = PBXFileReference; lastKnownFileType = folder.assetcatalog; path = Images.xcassets; sourceTree = "<group>"; };
		0ABBE40B1843D0390031D3E2 /* PlateTests.xctest */ = {isa = PBXFileReference; explicitFileType = wrapper.cfbundle; includeInIndex = 0; path = PlateTests.xctest; sourceTree = BUILT_PRODUCTS_DIR; };
		0ABBE40C1843D0390031D3E2 /* XCTest.framework */ = {isa = PBXFileReference; lastKnownFileType = wrapper.framework; name = XCTest.framework; path = Library/Frameworks/XCTest.framework; sourceTree = DEVELOPER_DIR; };
		0ABBE4141843D0390031D3E2 /* PlateTests-Info.plist */ = {isa = PBXFileReference; lastKnownFileType = text.plist.xml; path = "PlateTests-Info.plist"; sourceTree = "<group>"; };
		0ABBE4161843D0390031D3E2 /* en */ = {isa = PBXFileReference; lastKnownFileType = text.plist.strings; name = en; path = en.lproj/InfoPlist.strings; sourceTree = "<group>"; };
		0ABBE4181843D0390031D3E2 /* PlateTests.m */ = {isa = PBXFileReference; lastKnownFileType = sourcecode.c.objc; path = PlateTests.m; sourceTree = "<group>"; };
/* End PBXFileReference section */

/* Begin PBXFrameworksBuildPhase section */
		0ABBE3ED1843D0390031D3E2 /* Frameworks */ = {
			isa = PBXFrameworksBuildPhase;
			buildActionMask = 2147483647;
			files = (
				0A9D7E0A184D606200BAE38D /* libz.dylib in Frameworks */,
				0ABBE3F61843D0390031D3E2 /* CoreGraphics.framework in Frameworks */,
				0ABBE3F81843D0390031D3E2 /* UIKit.framework in Frameworks */,
				0ABBE3F41843D0390031D3E2 /* Foundation.framework in Frameworks */,
				0A9D7E06184D602500BAE38D /* libTestFlight.a in Frameworks */,
			);
			runOnlyForDeploymentPostprocessing = 0;
		};
		0ABBE4081843D0390031D3E2 /* Frameworks */ = {
			isa = PBXFrameworksBuildPhase;
			buildActionMask = 2147483647;
			files = (
				0ABBE40D1843D0390031D3E2 /* XCTest.framework in Frameworks */,
				0ABBE40F1843D0390031D3E2 /* UIKit.framework in Frameworks */,
				0ABBE40E1843D0390031D3E2 /* Foundation.framework in Frameworks */,
			);
			runOnlyForDeploymentPostprocessing = 0;
		};
/* End PBXFrameworksBuildPhase section */

/* Begin PBXGroup section */
		0A0D169F185102890057F538 /* Settings */ = {
			isa = PBXGroup;
			children = (
				0A0D169A185102140057F538 /* PLSettingsViewController.h */,
				0A0D169B185102140057F538 /* PLSettingsViewController.m */,
				0A0D169C185102140057F538 /* PLSettingsViewController.xib */,
			);
			name = Settings;
			sourceTree = "<group>";
		};
		0A0D16A0185102A90057F538 /* Rewards */ = {
			isa = PBXGroup;
			children = (
				0A0D16951850FE750057F538 /* PLRewardsViewController.h */,
				0A0D16961850FE750057F538 /* PLRewardsViewController.m */,
				0A0D16971850FE750057F538 /* PLRewardsViewController.xib */,
			);
			name = Rewards;
			sourceTree = "<group>";
		};
		0A0D16A8185120E10057F538 /* assets */ = {
			isa = PBXGroup;
			children = (
				0A0D16A61851114F0057F538 /* bg-grey.jpg */,
				0A0D16A418510F790057F538 /* bg-tomatoes.png */,
			);
			name = assets;
			sourceTree = "<group>";
		};
		0A9D7DD018470F8C00BAE38D /* Ordering */ = {
			isa = PBXGroup;
			children = (
				0A0D16A1185105C10057F538 /* PLOrderNavigationController.h */,
				0A0D16A2185105C10057F538 /* PLOrderNavigationController.m */,
				0A0D16A9185131680057F538 /* PLBaseOrderViewController.h */,
				0A0D16AA185131680057F538 /* PLBaseOrderViewController.m */,
				0A0D16AB185131680057F538 /* PLBaseOrderViewController.xib */,
				0A318C60184532250023FFF5 /* PLStartOrderViewController.h */,
				0A318C61184532250023FFF5 /* PLStartOrderViewController.m */,
				0A318C62184532250023FFF5 /* PLStartOrderViewController.xib */,
				0A9D7DCB18470F5E00BAE38D /* PLSelectPlateSizeViewController.h */,
				0A9D7DCC18470F5F00BAE38D /* PLSelectPlateSizeViewController.m */,
				0A9D7DCD18470F5F00BAE38D /* PLSelectPlateSizeViewController.xib */,
				0A9D7DD7184A93C800BAE38D /* PLSelectMainsViewController.h */,
				0A9D7DD8184A93C800BAE38D /* PLSelectMainsViewController.m */,
				0A9D7DD9184A93C800BAE38D /* PLSelectMainsViewController.xib */,
				0A9D7DE9184C62CA00BAE38D /* PLSelectSidesViewController.h */,
				0A9D7DEA184C62CA00BAE38D /* PLSelectSidesViewController.m */,
				0A9D7DEB184C62CA00BAE38D /* PLSelectSidesViewController.xib */,
				0A9D7DF0184D19C400BAE38D /* PLOrderSummaryViewController.h */,
				0A9D7DF1184D19C400BAE38D /* PLOrderSummaryViewController.m */,
				0A9D7DF2184D19C400BAE38D /* PLOrderSummaryViewController.xib */,
			);
			name = Ordering;
			sourceTree = "<group>";
		};
		0A9D7DD118470FA100BAE38D /* View Menu */ = {
			isa = PBXGroup;
			children = (
				0A0D16901850FC9E0057F538 /* PLMenuViewController.h */,
				0A0D16911850FC9E0057F538 /* PLMenuViewController.m */,
				0A0D16921850FC9E0057F538 /* PLMenuViewController.xib */,
			);
			name = "View Menu";
			sourceTree = "<group>";
		};
		0A9D7DE1184BA6E800BAE38D /* Stash Bin */ = {
			isa = PBXGroup;
			children = (
				0A9D7DDC184BA6D000BAE38D /* PLSelectMainsViewControllerDELETEME.h */,
				0A9D7DDD184BA6D000BAE38D /* PLSelectMainsViewControllerDELETEME.m */,
				0A9D7DDE184BA6D000BAE38D /* PLSelectMainsViewControllerDELETEME.xib */,
			);
			name = "Stash Bin";
			sourceTree = "<group>";
		};
		0A9D7DFF184D602400BAE38D /* TestFlightSDK2.0.2 */ = {
			isa = PBXGroup;
			children = (
				0A9D7E00184D602400BAE38D /* libTestFlight.a */,
				0A9D7E01184D602500BAE38D /* README.md */,
				0A9D7E02184D602500BAE38D /* release_notes.md */,
				0A9D7E03184D602500BAE38D /* TestFlight+AsyncLogging.h */,
				0A9D7E04184D602500BAE38D /* TestFlight+ManualSessions.h */,
				0A9D7E05184D602500BAE38D /* TestFlight.h */,
			);
			name = TestFlightSDK2.0.2;
			path = "TestFlightSDK2.0.2 (1)";
			sourceTree = "<group>";
		};
		0ABBE3E71843D0390031D3E2 = {
			isa = PBXGroup;
			children = (
				0A0D16A0185102A90057F538 /* Rewards */,
				0A0D169F185102890057F538 /* Settings */,
				0A9D7DD118470FA100BAE38D /* View Menu */,
				0A9D7DD018470F8C00BAE38D /* Ordering */,
				0ABBE3F91843D0390031D3E2 /* Plate */,
				0A0D16A8185120E10057F538 /* assets */,
				0ABBE4121843D0390031D3E2 /* PlateTests */,
				0ABBE3F21843D0390031D3E2 /* Frameworks */,
				0ABBE3F11843D0390031D3E2 /* Products */,
				0A9D7DFF184D602400BAE38D /* TestFlightSDK2.0.2 */,
				0A9D7DE1184BA6E800BAE38D /* Stash Bin */,
			);
			sourceTree = "<group>";
		};
		0ABBE3F11843D0390031D3E2 /* Products */ = {
			isa = PBXGroup;
			children = (
				0ABBE3F01843D0390031D3E2 /* Plate.app */,
				0ABBE40B1843D0390031D3E2 /* PlateTests.xctest */,
			);
			name = Products;
			sourceTree = "<group>";
		};
		0ABBE3F21843D0390031D3E2 /* Frameworks */ = {
			isa = PBXGroup;
			children = (
				0A9D7E09184D606200BAE38D /* libz.dylib */,
				0ABBE3F31843D0390031D3E2 /* Foundation.framework */,
				0ABBE3F51843D0390031D3E2 /* CoreGraphics.framework */,
				0ABBE3F71843D0390031D3E2 /* UIKit.framework */,
				0ABBE40C1843D0390031D3E2 /* XCTest.framework */,
			);
			name = Frameworks;
			sourceTree = "<group>";
		};
		0ABBE3F91843D0390031D3E2 /* Plate */ = {
			isa = PBXGroup;
			children = (
				0ABBE4021843D0390031D3E2 /* PLAppDelegate.h */,
				0ABBE4031843D0390031D3E2 /* PLAppDelegate.m */,
				0ABBE4051843D0390031D3E2 /* Images.xcassets */,
				0ABBE3FA1843D0390031D3E2 /* Supporting Files */,
			);
			path = Plate;
			sourceTree = "<group>";
		};
		0ABBE3FA1843D0390031D3E2 /* Supporting Files */ = {
			isa = PBXGroup;
			children = (
				0ABBE3FB1843D0390031D3E2 /* Plate-Info.plist */,
				0ABBE3FC1843D0390031D3E2 /* InfoPlist.strings */,
				0ABBE3FF1843D0390031D3E2 /* main.m */,
				0A9D7DE7184C5C6700BAE38D /* PlateStoryboard.storyboard */,
				0ABBE4011843D0390031D3E2 /* Plate-Prefix.pch */,
			);
			name = "Supporting Files";
			sourceTree = "<group>";
		};
		0ABBE4121843D0390031D3E2 /* PlateTests */ = {
			isa = PBXGroup;
			children = (
				0ABBE4181843D0390031D3E2 /* PlateTests.m */,
				0ABBE4131843D0390031D3E2 /* Supporting Files */,
			);
			path = PlateTests;
			sourceTree = "<group>";
		};
		0ABBE4131843D0390031D3E2 /* Supporting Files */ = {
			isa = PBXGroup;
			children = (
				0ABBE4141843D0390031D3E2 /* PlateTests-Info.plist */,
				0ABBE4151843D0390031D3E2 /* InfoPlist.strings */,
			);
			name = "Supporting Files";
			sourceTree = "<group>";
		};
/* End PBXGroup section */

/* Begin PBXNativeTarget section */
		0ABBE3EF1843D0390031D3E2 /* Plate */ = {
			isa = PBXNativeTarget;
			buildConfigurationList = 0ABBE41C1843D0390031D3E2 /* Build configuration list for PBXNativeTarget "Plate" */;
			buildPhases = (
				0ABBE3EC1843D0390031D3E2 /* Sources */,
				0ABBE3ED1843D0390031D3E2 /* Frameworks */,
				0ABBE3EE1843D0390031D3E2 /* Resources */,
			);
			buildRules = (
			);
			dependencies = (
			);
			name = Plate;
			productName = Plate;
			productReference = 0ABBE3F01843D0390031D3E2 /* Plate.app */;
			productType = "com.apple.product-type.application";
		};
		0ABBE40A1843D0390031D3E2 /* PlateTests */ = {
			isa = PBXNativeTarget;
			buildConfigurationList = 0ABBE41F1843D0390031D3E2 /* Build configuration list for PBXNativeTarget "PlateTests" */;
			buildPhases = (
				0ABBE4071843D0390031D3E2 /* Sources */,
				0ABBE4081843D0390031D3E2 /* Frameworks */,
				0ABBE4091843D0390031D3E2 /* Resources */,
			);
			buildRules = (
			);
			dependencies = (
				0ABBE4111843D0390031D3E2 /* PBXTargetDependency */,
			);
			name = PlateTests;
			productName = PlateTests;
			productReference = 0ABBE40B1843D0390031D3E2 /* PlateTests.xctest */;
			productType = "com.apple.product-type.bundle.unit-test";
		};
/* End PBXNativeTarget section */

/* Begin PBXProject section */
		0ABBE3E81843D0390031D3E2 /* Project object */ = {
			isa = PBXProject;
			attributes = {
				CLASSPREFIX = PL;
				LastUpgradeCheck = 0500;
				ORGANIZATIONNAME = "Plate SF";
				TargetAttributes = {
					0ABBE40A1843D0390031D3E2 = {
						TestTargetID = 0ABBE3EF1843D0390031D3E2;
					};
				};
			};
			buildConfigurationList = 0ABBE3EB1843D0390031D3E2 /* Build configuration list for PBXProject "Plate" */;
			compatibilityVersion = "Xcode 3.2";
			developmentRegion = English;
			hasScannedForEncodings = 0;
			knownRegions = (
				en,
			);
			mainGroup = 0ABBE3E71843D0390031D3E2;
			productRefGroup = 0ABBE3F11843D0390031D3E2 /* Products */;
			projectDirPath = "";
			projectRoot = "";
			targets = (
				0ABBE3EF1843D0390031D3E2 /* Plate */,
				0ABBE40A1843D0390031D3E2 /* PlateTests */,
			);
		};
/* End PBXProject section */

/* Begin PBXResourcesBuildPhase section */
		0ABBE3EE1843D0390031D3E2 /* Resources */ = {
			isa = PBXResourcesBuildPhase;
			buildActionMask = 2147483647;
			files = (
				0ABBE3FE1843D0390031D3E2 /* InfoPlist.strings in Resources */,
				0A9D7DDB184A93C800BAE38D /* PLSelectMainsViewController.xib in Resources */,
				0A9D7E07184D602500BAE38D /* README.md in Resources */,
				0A0D169E185102140057F538 /* PLSettingsViewController.xib in Resources */,
				0A9D7DE8184C5C6700BAE38D /* PlateStoryboard.storyboard in Resources */,
				0A0D16AD185131680057F538 /* PLBaseOrderViewController.xib in Resources */,
				0A0D16A518510F790057F538 /* bg-tomatoes.png in Resources */,
				0A9D7E08184D602500BAE38D /* release_notes.md in Resources */,
				0A0D16A71851114F0057F538 /* bg-grey.jpg in Resources */,
				0A9D7DED184C62CA00BAE38D /* PLSelectSidesViewController.xib in Resources */,
				0A9D7DCF18470F5F00BAE38D /* PLSelectPlateSizeViewController.xib in Resources */,
				0A318C64184532250023FFF5 /* PLStartOrderViewController.xib in Resources */,
				0ABBE4061843D0390031D3E2 /* Images.xcassets in Resources */,
				0A0D16991850FE750057F538 /* PLRewardsViewController.xib in Resources */,
				0A0D16941850FC9E0057F538 /* PLMenuViewController.xib in Resources */,
				0A9D7DF4184D19C400BAE38D /* PLOrderSummaryViewController.xib in Resources */,
				0A9D7DE0184BA6D000BAE38D /* PLSelectMainsViewControllerDELETEME.xib in Resources */,
			);
			runOnlyForDeploymentPostprocessing = 0;
		};
		0ABBE4091843D0390031D3E2 /* Resources */ = {
			isa = PBXResourcesBuildPhase;
			buildActionMask = 2147483647;
			files = (
				0ABBE4171843D0390031D3E2 /* InfoPlist.strings in Resources */,
			);
			runOnlyForDeploymentPostprocessing = 0;
		};
/* End PBXResourcesBuildPhase section */

/* Begin PBXSourcesBuildPhase section */
		0ABBE3EC1843D0390031D3E2 /* Sources */ = {
			isa = PBXSourcesBuildPhase;
			buildActionMask = 2147483647;
			files = (
				0A0D16A3185105C10057F538 /* PLOrderNavigationController.m in Sources */,
				0A0D16931850FC9E0057F538 /* PLMenuViewController.m in Sources */,
				0ABBE4041843D0390031D3E2 /* PLAppDelegate.m in Sources */,
				0A9D7DDF184BA6D000BAE38D /* PLSelectMainsViewControllerDELETEME.m in Sources */,
				0A318C63184532250023FFF5 /* PLStartOrderViewController.m in Sources */,
				0A9D7DDA184A93C800BAE38D /* PLSelectMainsViewController.m in Sources */,
				0A0D16981850FE750057F538 /* PLRewardsViewController.m in Sources */,
				0A0D169D185102140057F538 /* PLSettingsViewController.m in Sources */,
				0ABBE4001843D0390031D3E2 /* main.m in Sources */,
				0A9D7DEC184C62CA00BAE38D /* PLSelectSidesViewController.m in Sources */,
				0A0D16AC185131680057F538 /* PLBaseOrderViewController.m in Sources */,
				0A9D7DF3184D19C400BAE38D /* PLOrderSummaryViewController.m in Sources */,
				0A9D7DCE18470F5F00BAE38D /* PLSelectPlateSizeViewController.m in Sources */,
			);
			runOnlyForDeploymentPostprocessing = 0;
		};
		0ABBE4071843D0390031D3E2 /* Sources */ = {
			isa = PBXSourcesBuildPhase;
			buildActionMask = 2147483647;
			files = (
				0ABBE4191843D0390031D3E2 /* PlateTests.m in Sources */,
			);
			runOnlyForDeploymentPostprocessing = 0;
		};
/* End PBXSourcesBuildPhase section */

/* Begin PBXTargetDependency section */
		0ABBE4111843D0390031D3E2 /* PBXTargetDependency */ = {
			isa = PBXTargetDependency;
			target = 0ABBE3EF1843D0390031D3E2 /* Plate */;
			targetProxy = 0ABBE4101843D0390031D3E2 /* PBXContainerItemProxy */;
		};
/* End PBXTargetDependency section */

/* Begin PBXVariantGroup section */
		0ABBE3FC1843D0390031D3E2 /* InfoPlist.strings */ = {
			isa = PBXVariantGroup;
			children = (
				0ABBE3FD1843D0390031D3E2 /* en */,
			);
			name = InfoPlist.strings;
			sourceTree = "<group>";
		};
		0ABBE4151843D0390031D3E2 /* InfoPlist.strings */ = {
			isa = PBXVariantGroup;
			children = (
				0ABBE4161843D0390031D3E2 /* en */,
			);
			name = InfoPlist.strings;
			sourceTree = "<group>";
		};
/* End PBXVariantGroup section */

/* Begin XCBuildConfiguration section */
		0ABBE41A1843D0390031D3E2 /* Debug */ = {
			isa = XCBuildConfiguration;
			buildSettings = {
				ALWAYS_SEARCH_USER_PATHS = NO;
				ARCHS = "$(ARCHS_STANDARD_INCLUDING_64_BIT)";
				CLANG_CXX_LANGUAGE_STANDARD = "gnu++0x";
				CLANG_CXX_LIBRARY = "libc++";
				CLANG_ENABLE_MODULES = YES;
				CLANG_ENABLE_OBJC_ARC = YES;
				CLANG_WARN_BOOL_CONVERSION = YES;
				CLANG_WARN_CONSTANT_CONVERSION = YES;
				CLANG_WARN_DIRECT_OBJC_ISA_USAGE = YES_ERROR;
				CLANG_WARN_EMPTY_BODY = YES;
				CLANG_WARN_ENUM_CONVERSION = YES;
				CLANG_WARN_INT_CONVERSION = YES;
				CLANG_WARN_OBJC_ROOT_CLASS = YES_ERROR;
				CLANG_WARN__DUPLICATE_METHOD_MATCH = YES;
				"CODE_SIGN_IDENTITY[sdk=iphoneos*]" = "iPhone Developer";
				COPY_PHASE_STRIP = NO;
				GCC_C_LANGUAGE_STANDARD = gnu99;
				GCC_DYNAMIC_NO_PIC = NO;
				GCC_OPTIMIZATION_LEVEL = 0;
				GCC_PREPROCESSOR_DEFINITIONS = (
					"DEBUG=1",
					"$(inherited)",
				);
				GCC_SYMBOLS_PRIVATE_EXTERN = NO;
				GCC_WARN_64_TO_32_BIT_CONVERSION = YES;
				GCC_WARN_ABOUT_RETURN_TYPE = YES_ERROR;
				GCC_WARN_UNDECLARED_SELECTOR = YES;
				GCC_WARN_UNINITIALIZED_AUTOS = YES;
				GCC_WARN_UNUSED_FUNCTION = YES;
				GCC_WARN_UNUSED_VARIABLE = YES;
				IPHONEOS_DEPLOYMENT_TARGET = 7.0;
				ONLY_ACTIVE_ARCH = YES;
				SDKROOT = iphoneos;
				TARGETED_DEVICE_FAMILY = "1,2";
			};
			name = Debug;
		};
		0ABBE41B1843D0390031D3E2 /* Release */ = {
			isa = XCBuildConfiguration;
			buildSettings = {
				ALWAYS_SEARCH_USER_PATHS = NO;
				ARCHS = "$(ARCHS_STANDARD_INCLUDING_64_BIT)";
				CLANG_CXX_LANGUAGE_STANDARD = "gnu++0x";
				CLANG_CXX_LIBRARY = "libc++";
				CLANG_ENABLE_MODULES = YES;
				CLANG_ENABLE_OBJC_ARC = YES;
				CLANG_WARN_BOOL_CONVERSION = YES;
				CLANG_WARN_CONSTANT_CONVERSION = YES;
				CLANG_WARN_DIRECT_OBJC_ISA_USAGE = YES_ERROR;
				CLANG_WARN_EMPTY_BODY = YES;
				CLANG_WARN_ENUM_CONVERSION = YES;
				CLANG_WARN_INT_CONVERSION = YES;
				CLANG_WARN_OBJC_ROOT_CLASS = YES_ERROR;
				CLANG_WARN__DUPLICATE_METHOD_MATCH = YES;
				"CODE_SIGN_IDENTITY[sdk=iphoneos*]" = "iPhone Developer";
				COPY_PHASE_STRIP = YES;
				ENABLE_NS_ASSERTIONS = NO;
				GCC_C_LANGUAGE_STANDARD = gnu99;
				GCC_WARN_64_TO_32_BIT_CONVERSION = YES;
				GCC_WARN_ABOUT_RETURN_TYPE = YES_ERROR;
				GCC_WARN_UNDECLARED_SELECTOR = YES;
				GCC_WARN_UNINITIALIZED_AUTOS = YES;
				GCC_WARN_UNUSED_FUNCTION = YES;
				GCC_WARN_UNUSED_VARIABLE = YES;
				IPHONEOS_DEPLOYMENT_TARGET = 7.0;
				SDKROOT = iphoneos;
				TARGETED_DEVICE_FAMILY = "1,2";
				VALIDATE_PRODUCT = YES;
			};
			name = Release;
		};
		0ABBE41D1843D0390031D3E2 /* Debug */ = {
			isa = XCBuildConfiguration;
			buildSettings = {
				ARCHS = "$(ARCHS_STANDARD)";
				ASSETCATALOG_COMPILER_APPICON_NAME = AppIcon;
				ASSETCATALOG_COMPILER_LAUNCHIMAGE_NAME = LaunchImage;
				GCC_PRECOMPILE_PREFIX_HEADER = YES;
				GCC_PREFIX_HEADER = "Plate/Plate-Prefix.pch";
				INFOPLIST_FILE = "Plate/Plate-Info.plist";
				LIBRARY_SEARCH_PATHS = (
					"$(inherited)",
					/Users/emileleon/Downloads/TestFlightSDK2.0.2,
					"/Users/emileleon/Documents/workspace/ios/Plate/TestFlightSDK2.0.2\\ (1)",
				);
				PRODUCT_NAME = "$(TARGET_NAME)";
				PROVISIONING_PROFILE = "666BC26F-1E3E-4862-A2D0-85539899FECD";
				WRAPPER_EXTENSION = app;
			};
			name = Debug;
		};
		0ABBE41E1843D0390031D3E2 /* Release */ = {
			isa = XCBuildConfiguration;
			buildSettings = {
				ARCHS = "$(ARCHS_STANDARD)";
				ASSETCATALOG_COMPILER_APPICON_NAME = AppIcon;
				ASSETCATALOG_COMPILER_LAUNCHIMAGE_NAME = LaunchImage;
				GCC_PRECOMPILE_PREFIX_HEADER = YES;
				GCC_PREFIX_HEADER = "Plate/Plate-Prefix.pch";
				INFOPLIST_FILE = "Plate/Plate-Info.plist";
				LIBRARY_SEARCH_PATHS = (
					"$(inherited)",
					/Users/emileleon/Downloads/TestFlightSDK2.0.2,
					"/Users/emileleon/Documents/workspace/ios/Plate/TestFlightSDK2.0.2\\ (1)",
				);
				PRODUCT_NAME = "$(TARGET_NAME)";
				PROVISIONING_PROFILE = "EB45C706-2056-46FA-AE27-42CEA3E5336C";
				WRAPPER_EXTENSION = app;
			};
			name = Release;
		};
		0ABBE4201843D0390031D3E2 /* Debug */ = {
			isa = XCBuildConfiguration;
			buildSettings = {
				ARCHS = "$(ARCHS_STANDARD_INCLUDING_64_BIT)";
				BUNDLE_LOADER = "$(BUILT_PRODUCTS_DIR)/Plate.app/Plate";
				FRAMEWORK_SEARCH_PATHS = (
					"$(SDKROOT)/Developer/Library/Frameworks",
					"$(inherited)",
					"$(DEVELOPER_FRAMEWORKS_DIR)",
				);
				GCC_PRECOMPILE_PREFIX_HEADER = YES;
				GCC_PREFIX_HEADER = "Plate/Plate-Prefix.pch";
				GCC_PREPROCESSOR_DEFINITIONS = (
					"DEBUG=1",
					"$(inherited)",
				);
				INFOPLIST_FILE = "PlateTests/PlateTests-Info.plist";
				PRODUCT_NAME = "$(TARGET_NAME)";
				TEST_HOST = "$(BUNDLE_LOADER)";
				WRAPPER_EXTENSION = xctest;
			};
			name = Debug;
		};
		0ABBE4211843D0390031D3E2 /* Release */ = {
			isa = XCBuildConfiguration;
			buildSettings = {
				ARCHS = "$(ARCHS_STANDARD_INCLUDING_64_BIT)";
				BUNDLE_LOADER = "$(BUILT_PRODUCTS_DIR)/Plate.app/Plate";
				FRAMEWORK_SEARCH_PATHS = (
					"$(SDKROOT)/Developer/Library/Frameworks",
					"$(inherited)",
					"$(DEVELOPER_FRAMEWORKS_DIR)",
				);
				GCC_PRECOMPILE_PREFIX_HEADER = YES;
				GCC_PREFIX_HEADER = "Plate/Plate-Prefix.pch";
				INFOPLIST_FILE = "PlateTests/PlateTests-Info.plist";
				PRODUCT_NAME = "$(TARGET_NAME)";
				TEST_HOST = "$(BUNDLE_LOADER)";
				WRAPPER_EXTENSION = xctest;
			};
			name = Release;
		};
/* End XCBuildConfiguration section */

/* Begin XCConfigurationList section */
		0ABBE3EB1843D0390031D3E2 /* Build configuration list for PBXProject "Plate" */ = {
			isa = XCConfigurationList;
			buildConfigurations = (
				0ABBE41A1843D0390031D3E2 /* Debug */,
				0ABBE41B1843D0390031D3E2 /* Release */,
			);
			defaultConfigurationIsVisible = 0;
			defaultConfigurationName = Release;
		};
		0ABBE41C1843D0390031D3E2 /* Build configuration list for PBXNativeTarget "Plate" */ = {
			isa = XCConfigurationList;
			buildConfigurations = (
				0ABBE41D1843D0390031D3E2 /* Debug */,
				0ABBE41E1843D0390031D3E2 /* Release */,
			);
			defaultConfigurationIsVisible = 0;
			defaultConfigurationName = Release;
		};
		0ABBE41F1843D0390031D3E2 /* Build configuration list for PBXNativeTarget "PlateTests" */ = {
			isa = XCConfigurationList;
			buildConfigurations = (
				0ABBE4201843D0390031D3E2 /* Debug */,
				0ABBE4211843D0390031D3E2 /* Release */,
			);
			defaultConfigurationIsVisible = 0;
			defaultConfigurationName = Release;
		};
/* End XCConfigurationList section */
	};
	rootObject = 0ABBE3E81843D0390031D3E2 /* Project object */;
}
